
Microsoft Visual Studio Solution File, Format Version 12.00
# Visual Studio Version 17
VisualStudioVersion = 17.3.32811.315
MinimumVisualStudioVersion = 10.0.40219.1
Project("{FAE04EC0-301F-11D3-BF4B-00C04F79EFBC}") = "AmazonTestDivide", "AmazonTestDivide\AmazonTestDivide.csproj", "{ED879324-D3EB-4C87-87CD-AE8692600730}"
EndProject
Global
	GlobalSection(SolutionConfigurationPlatforms) = preSolution
		Debug|Any CPU = Debug|Any CPU
		Release|Any CPU = Release|Any CPU
	EndGlobalSection
	GlobalSection(ProjectConfigurationPlatforms) = postSolution
		{ED879324-D3EB-4C87-87CD-AE8692600730}.Debug|Any CPU.ActiveCfg = Debug|Any CPU
		{ED879324-D3EB-4C87-87CD-AE8692600730}.Debug|Any CPU.Build.0 = Debug|Any CPU
		{ED879324-D3EB-4C87-87CD-AE8692600730}.Release|Any CPU.ActiveCfg = Release|Any CPU
		{ED879324-D3EB-4C87-87CD-AE8692600730}.Release|Any CPU.Build.0 = Release|Any CPU
	EndGlobalSection
	GlobalSection(SolutionProperties) = preSolution
		HideSolutionNode = FALSE
	EndGlobalSection
	GlobalSection(ExtensibilityGlobals) = postSolution
		SolutionGuid = {BA1974FA-88D3-4BE8-A4C8-59ED9A5B9EF3}
	EndGlobalSection
EndGlobal
